
Microsoft Visual Studio Solution File, Format Version 12.00
# Visual Studio 14
VisualStudioVersion = 14.0.25420.1
MinimumVisualStudioVersion = 10.0.40219.1
Project("{F184B08F-C81C-45F6-A57F-5ABD9991F28F}") = "s09musicstore", "s09musicstore\s09musicstore.vbproj", "{92118336-D1BC-468D-BC12-30D6B7C69D70}"
EndProject
Global
	GlobalSection(SolutionConfigurationPlatforms) = preSolution
		Debug|Any CPU = Debug|Any CPU
		Release|Any CPU = Release|Any CPU
	EndGlobalSection
	GlobalSection(ProjectConfigurationPlatforms) = postSolution
		{92118336-D1BC-468D-BC12-30D6B7C69D70}.Debug|Any CPU.ActiveCfg = Debug|Any CPU
		{92118336-D1BC-468D-BC12-30D6B7C69D70}.Debug|Any CPU.Build.0 = Debug|Any CPU
		{92118336-D1BC-468D-BC12-30D6B7C69D70}.Release|Any CPU.ActiveCfg = Release|Any CPU
		{92118336-D1BC-468D-BC12-30D6B7C69D70}.Release|Any CPU.Build.0 = Release|Any CPU
	EndGlobalSection
	GlobalSection(SolutionProperties) = preSolution
		HideSolutionNode = FALSE
	EndGlobalSection
EndGlobal
